PODS:
  - AFNetworking (2.1.0):
    - AFNetworking/NSURLConnection
    - AFNetworking/NSURLSession
    - AFNetworking/Reachability
    - AFNetworking/Security
    - AFNetworking/Serialization
    - AFNetworking/UIKit
  - AFNetworking/NSURLConnection (2.1.0):
    - AFNetworking/Reachability
    - AFNetworking/Security
    - AFNetworking/Serialization
  - AFNetworking/NSURLSession (2.1.0):
    - AFNetworking/NSURLConnection
  - AFNetworking/Reachability (2.1.0)
  - AFNetworking/Security (2.1.0)
  - AFNetworking/Serialization (2.1.0)
  - AFNetworking/UIKit (2.1.0):
    - AFNetworking/NSURLConnection
  - FormatterKit (1.4.0):
    - FormatterKit/AddressFormatter
    - FormatterKit/ArrayFormatter
    - FormatterKit/ColorFormatter
    - FormatterKit/LocationFormatter
    - FormatterKit/OrdinalNumberFormatter
    - FormatterKit/TimeIntervalFormatter
    - FormatterKit/UnitOfInformationFormatter
    - FormatterKit/URLRequestFormatter
  - FormatterKit/AddressFormatter (1.4.0)
  - FormatterKit/ArrayFormatter (1.4.0)
  - FormatterKit/ColorFormatter (1.4.0)
  - FormatterKit/LocationFormatter (1.4.0)
  - FormatterKit/OrdinalNumberFormatter (1.4.0)
  - FormatterKit/TimeIntervalFormatter (1.4.0)
  - FormatterKit/UnitOfInformationFormatter (1.4.0)
  - FormatterKit/URLRequestFormatter (1.4.0)
  - iActiveRecord (1.3.0)
  - MBProgressHUD (0.8)
  - Mixpanel (2.3.1)
  - SVSegmentedControl (0.2)

DEPENDENCIES:
  - AFNetworking (~> 2.0)
  - FormatterKit
  - iActiveRecord (= 1.3.0)
  - MBProgressHUD (~> 0.8)
  - Mixpanel
  - SVSegmentedControl

SPEC CHECKSUMS:
  AFNetworking: c7d7901a83f631414c7eda1737261f696101a5cd
  FormatterKit: 475c602b6098d69c3255c65cfe6cb6a27c175f57
  iActiveRecord: 5dd0ababe9b7ea1764da0d21d9f3fe61c73172ce
  MBProgressHUD: 2bbc6f470111daf7f3eaa4eb12b8cbf01c4c0622
  Mixpanel: 8d189c58bcaac429de9cb4f18a54621df99b7e38
  SVSegmentedControl: e874fc56c2a1efb9f597ddf0908101393f53fe96

COCOAPODS: 0.29.0
