// !$*UTF8*$!
{
	archiveVersion = 1;
	classes = {
	};
	objectVersion = 46;
	objects = {

/* Begin PBXBuildFile section */
		3A01B48F164A2F6E00F78822 /* UIKit.framework in Frameworks */ = {isa = PBXBuildFile; fileRef = 3A01B48E164A2F6E00F78822 /* UIKit.framework */; };
		3A01B491164A2F6E00F78822 /* Foundation.framework in Frameworks */ = {isa = PBXBuildFile; fileRef = 3A01B490164A2F6E00F78822 /* Foundation.framework */; };
		3A01B493164A2F6E00F78822 /* CoreGraphics.framework in Frameworks */ = {isa = PBXBuildFile; fileRef = 3A01B492164A2F6E00F78822 /* CoreGraphics.framework */; };
		3A01B495164A2F6E00F78822 /* CoreData.framework in Frameworks */ = {isa = PBXBuildFile; fileRef = 3A01B494164A2F6E00F78822 /* CoreData.framework */; };
		3A01B49B164A2F6E00F78822 /* InfoPlist.strings in Resources */ = {isa = PBXBuildFile; fileRef = 3A01B499164A2F6E00F78822 /* InfoPlist.strings */; };
		3A01B49D164A2F6E00F78822 /* main.m in Sources */ = {isa = PBXBuildFile; fileRef = 3A01B49C164A2F6E00F78822 /* main.m */; };
		3A01B4A1164A2F6E00F78822 /* AppDelegate.m in Sources */ = {isa = PBXBuildFile; fileRef = 3A01B4A0164A2F6E00F78822 /* AppDelegate.m */; };
		3A01B4A3164A2F6E00F78822 /* Default.png in Resources */ = {isa = PBXBuildFile; fileRef = 3A01B4A2164A2F6E00F78822 /* Default.png */; };
		3A01B4A5164A2F6E00F78822 /* Default@2x.png in Resources */ = {isa = PBXBuildFile; fileRef = 3A01B4A4164A2F6E00F78822 /* Default@2x.png */; };
		3A01B4A7164A2F6E00F78822 /* Default-568h@2x.png in Resources */ = {isa = PBXBuildFile; fileRef = 3A01B4A6164A2F6E00F78822 /* Default-568h@2x.png */; };
		3A01B4AA164A2F6E00F78822 /* Wikicleta.xcdatamodeld in Sources */ = {isa = PBXBuildFile; fileRef = 3A01B4A8164A2F6E00F78822 /* Wikicleta.xcdatamodeld */; };
		3A01B4B2164A2F6E00F78822 /* SenTestingKit.framework in Frameworks */ = {isa = PBXBuildFile; fileRef = 3A01B4B1164A2F6E00F78822 /* SenTestingKit.framework */; };
		3A01B4B3164A2F6E00F78822 /* UIKit.framework in Frameworks */ = {isa = PBXBuildFile; fileRef = 3A01B48E164A2F6E00F78822 /* UIKit.framework */; };
		3A01B4B4164A2F6E00F78822 /* Foundation.framework in Frameworks */ = {isa = PBXBuildFile; fileRef = 3A01B490164A2F6E00F78822 /* Foundation.framework */; };
		3A01B4B5164A2F6E00F78822 /* CoreData.framework in Frameworks */ = {isa = PBXBuildFile; fileRef = 3A01B494164A2F6E00F78822 /* CoreData.framework */; };
		3A01B4BD164A2F6E00F78822 /* InfoPlist.strings in Resources */ = {isa = PBXBuildFile; fileRef = 3A01B4BB164A2F6E00F78822 /* InfoPlist.strings */; };
		3A01B4C0164A2F6E00F78822 /* WikicletaTests.m in Sources */ = {isa = PBXBuildFile; fileRef = 3A01B4BF164A2F6E00F78822 /* WikicletaTests.m */; };
		3A01B4CF164A2FDA00F78822 /* HomeViewController.m in Sources */ = {isa = PBXBuildFile; fileRef = 3A01B4CE164A2FDA00F78822 /* HomeViewController.m */; };
		3A01B4D2164A304A00F78822 /* stripe.png in Resources */ = {isa = PBXBuildFile; fileRef = 3A01B4D0164A304A00F78822 /* stripe.png */; };
		3A01B4D3164A304A00F78822 /* wikicleta_logo.png in Resources */ = {isa = PBXBuildFile; fileRef = 3A01B4D1164A304A00F78822 /* wikicleta_logo.png */; };
		3A01B548164A315300F78822 /* ASIAuthenticationDialog.m in Sources */ = {isa = PBXBuildFile; fileRef = 3A01B4DB164A315300F78822 /* ASIAuthenticationDialog.m */; settings = {COMPILER_FLAGS = "-fno-objc-arc"; }; };
		3A01B549164A315300F78822 /* ASIDataCompressor.m in Sources */ = {isa = PBXBuildFile; fileRef = 3A01B4DE164A315300F78822 /* ASIDataCompressor.m */; settings = {COMPILER_FLAGS = "-fno-objc-arc"; }; };
		3A01B54A164A315300F78822 /* ASIDataDecompressor.m in Sources */ = {isa = PBXBuildFile; fileRef = 3A01B4E0164A315300F78822 /* ASIDataDecompressor.m */; settings = {COMPILER_FLAGS = "-fno-objc-arc"; }; };
		3A01B54B164A315300F78822 /* ASIDownloadCache.m in Sources */ = {isa = PBXBuildFile; fileRef = 3A01B4E2164A315300F78822 /* ASIDownloadCache.m */; settings = {COMPILER_FLAGS = "-fno-objc-arc"; }; };
		3A01B54C164A315300F78822 /* ASIFormDataRequest.m in Sources */ = {isa = PBXBuildFile; fileRef = 3A01B4E4164A315300F78822 /* ASIFormDataRequest.m */; settings = {COMPILER_FLAGS = "-fno-objc-arc"; }; };
		3A01B54D164A315300F78822 /* ASIHTTPRequest.m in Sources */ = {isa = PBXBuildFile; fileRef = 3A01B4E6164A315300F78822 /* ASIHTTPRequest.m */; settings = {COMPILER_FLAGS = "-fno-objc-arc"; }; };
		3A01B54E164A315300F78822 /* ASIInputStream.m in Sources */ = {isa = PBXBuildFile; fileRef = 3A01B4EA164A315300F78822 /* ASIInputStream.m */; settings = {COMPILER_FLAGS = "-fno-objc-arc"; }; };
		3A01B54F164A315300F78822 /* ASINetworkQueue.m in Sources */ = {isa = PBXBuildFile; fileRef = 3A01B4EC164A315300F78822 /* ASINetworkQueue.m */; settings = {COMPILER_FLAGS = "-fno-objc-arc"; }; };
		3A01B550164A315300F78822 /* ASICloudFilesCDNRequest.m in Sources */ = {isa = PBXBuildFile; fileRef = 3A01B4F0164A315300F78822 /* ASICloudFilesCDNRequest.m */; settings = {COMPILER_FLAGS = "-fno-objc-arc"; }; };
		3A01B551164A315300F78822 /* ASICloudFilesContainer.m in Sources */ = {isa = PBXBuildFile; fileRef = 3A01B4F2164A315300F78822 /* ASICloudFilesContainer.m */; settings = {COMPILER_FLAGS = "-fno-objc-arc"; }; };
		3A01B552164A315300F78822 /* ASICloudFilesContainerRequest.m in Sources */ = {isa = PBXBuildFile; fileRef = 3A01B4F4164A315300F78822 /* ASICloudFilesContainerRequest.m */; settings = {COMPILER_FLAGS = "-fno-objc-arc"; }; };
		3A01B553164A315300F78822 /* ASICloudFilesContainerXMLParserDelegate.m in Sources */ = {isa = PBXBuildFile; fileRef = 3A01B4F6164A315300F78822 /* ASICloudFilesContainerXMLParserDelegate.m */; settings = {COMPILER_FLAGS = "-fno-objc-arc"; }; };
		3A01B554164A315300F78822 /* ASICloudFilesObject.m in Sources */ = {isa = PBXBuildFile; fileRef = 3A01B4F8164A315300F78822 /* ASICloudFilesObject.m */; settings = {COMPILER_FLAGS = "-fno-objc-arc"; }; };
		3A01B555164A315300F78822 /* ASICloudFilesObjectRequest.m in Sources */ = {isa = PBXBuildFile; fileRef = 3A01B4FA164A315300F78822 /* ASICloudFilesObjectRequest.m */; settings = {COMPILER_FLAGS = "-fno-objc-arc"; }; };
		3A01B556164A315300F78822 /* ASICloudFilesRequest.m in Sources */ = {isa = PBXBuildFile; fileRef = 3A01B4FC164A315300F78822 /* ASICloudFilesRequest.m */; settings = {COMPILER_FLAGS = "-fno-objc-arc"; }; };
		3A01B557164A315300F78822 /* Reachability.m in Sources */ = {isa = PBXBuildFile; fileRef = 3A01B4FE164A315300F78822 /* Reachability.m */; settings = {COMPILER_FLAGS = "-fno-objc-arc"; }; };
		3A01B558164A315300F78822 /* ASIS3Bucket.m in Sources */ = {isa = PBXBuildFile; fileRef = 3A01B502164A315300F78822 /* ASIS3Bucket.m */; settings = {COMPILER_FLAGS = "-fno-objc-arc"; }; };
		3A01B559164A315300F78822 /* ASIS3BucketObject.m in Sources */ = {isa = PBXBuildFile; fileRef = 3A01B504164A315300F78822 /* ASIS3BucketObject.m */; settings = {COMPILER_FLAGS = "-fno-objc-arc"; }; };
		3A01B55A164A315300F78822 /* ASIS3BucketRequest.m in Sources */ = {isa = PBXBuildFile; fileRef = 3A01B506164A315300F78822 /* ASIS3BucketRequest.m */; settings = {COMPILER_FLAGS = "-fno-objc-arc"; }; };
		3A01B55B164A315300F78822 /* ASIS3ObjectRequest.m in Sources */ = {isa = PBXBuildFile; fileRef = 3A01B508164A315300F78822 /* ASIS3ObjectRequest.m */; settings = {COMPILER_FLAGS = "-fno-objc-arc"; }; };
		3A01B55C164A315300F78822 /* ASIS3Request.m in Sources */ = {isa = PBXBuildFile; fileRef = 3A01B50A164A315300F78822 /* ASIS3Request.m */; settings = {COMPILER_FLAGS = "-fno-objc-arc"; }; };
		3A01B55D164A315300F78822 /* ASIS3ServiceRequest.m in Sources */ = {isa = PBXBuildFile; fileRef = 3A01B50C164A315300F78822 /* ASIS3ServiceRequest.m */; settings = {COMPILER_FLAGS = "-fno-objc-arc"; }; };
		3A01B56D164A315300F78822 /* NSObject+SBJson.m in Sources */ = {isa = PBXBuildFile; fileRef = 3A01B52D164A315300F78822 /* NSObject+SBJson.m */; };
		3A01B56E164A315300F78822 /* SBJsonParser.m in Sources */ = {isa = PBXBuildFile; fileRef = 3A01B530164A315300F78822 /* SBJsonParser.m */; };
		3A01B56F164A315300F78822 /* SBJsonStreamParser.m in Sources */ = {isa = PBXBuildFile; fileRef = 3A01B532164A315300F78822 /* SBJsonStreamParser.m */; };
		3A01B570164A315300F78822 /* SBJsonStreamParserAccumulator.m in Sources */ = {isa = PBXBuildFile; fileRef = 3A01B534164A315300F78822 /* SBJsonStreamParserAccumulator.m */; };
		3A01B571164A315300F78822 /* SBJsonStreamParserAdapter.m in Sources */ = {isa = PBXBuildFile; fileRef = 3A01B536164A315300F78822 /* SBJsonStreamParserAdapter.m */; };
		3A01B572164A315300F78822 /* SBJsonStreamParserState.m in Sources */ = {isa = PBXBuildFile; fileRef = 3A01B538164A315300F78822 /* SBJsonStreamParserState.m */; };
		3A01B573164A315300F78822 /* SBJsonStreamWriter.m in Sources */ = {isa = PBXBuildFile; fileRef = 3A01B53A164A315300F78822 /* SBJsonStreamWriter.m */; };
		3A01B574164A315300F78822 /* SBJsonStreamWriterAccumulator.m in Sources */ = {isa = PBXBuildFile; fileRef = 3A01B53C164A315300F78822 /* SBJsonStreamWriterAccumulator.m */; };
		3A01B575164A315300F78822 /* SBJsonStreamWriterState.m in Sources */ = {isa = PBXBuildFile; fileRef = 3A01B53E164A315300F78822 /* SBJsonStreamWriterState.m */; };
		3A01B576164A315300F78822 /* SBJsonTokeniser.m in Sources */ = {isa = PBXBuildFile; fileRef = 3A01B540164A315300F78822 /* SBJsonTokeniser.m */; };
		3A01B577164A315300F78822 /* SBJsonUTF8Stream.m in Sources */ = {isa = PBXBuildFile; fileRef = 3A01B542164A315300F78822 /* SBJsonUTF8Stream.m */; };
		3A01B578164A315300F78822 /* SBJsonWriter.m in Sources */ = {isa = PBXBuildFile; fileRef = 3A01B544164A315300F78822 /* SBJsonWriter.m */; };
		3A01B579164A315300F78822 /* UIColor-Expanded.m in Sources */ = {isa = PBXBuildFile; fileRef = 3A01B547164A315300F78822 /* UIColor-Expanded.m */; settings = {COMPILER_FLAGS = "-fno-objc-arc"; }; };
		3A01B581164A321500F78822 /* App.m in Sources */ = {isa = PBXBuildFile; fileRef = 3A01B580164A321500F78822 /* App.m */; };
		3A01B585164A329D00F78822 /* urls.plist in Resources */ = {isa = PBXBuildFile; fileRef = 3A01B584164A329D00F78822 /* urls.plist */; };
		3A01B589164A356000F78822 /* libz.dylib in Frameworks */ = {isa = PBXBuildFile; fileRef = 3A01B587164A354900F78822 /* libz.dylib */; };
		3A01B58A164A356000F78822 /* CoreLocation.framework in Frameworks */ = {isa = PBXBuildFile; fileRef = 3A01B582164A325000F78822 /* CoreLocation.framework */; };
		3A01B58D164A358B00F78822 /* CFNetwork.framework in Frameworks */ = {isa = PBXBuildFile; fileRef = 3A01B58B164A358000F78822 /* CFNetwork.framework */; };
		3A01B592164A35C200F78822 /* libsqlite3.dylib in Frameworks */ = {isa = PBXBuildFile; fileRef = 3A01B590164A35B000F78822 /* libsqlite3.dylib */; };
		3A01B593164A35C700F78822 /* AVFoundation.framework in Frameworks */ = {isa = PBXBuildFile; fileRef = 3A01B58E164A35A300F78822 /* AVFoundation.framework */; };
		3A01B596164A35F100F78822 /* MobileCoreServices.framework in Frameworks */ = {isa = PBXBuildFile; fileRef = 3A01B594164A35EA00F78822 /* MobileCoreServices.framework */; };
		3A01B599164A361500F78822 /* SystemConfiguration.framework in Frameworks */ = {isa = PBXBuildFile; fileRef = 3A01B597164A360D00F78822 /* SystemConfiguration.framework */; };
		3A417ACF16699E9000E6DF0B /* Accounts.framework in Frameworks */ = {isa = PBXBuildFile; fileRef = 3AE7A44216692E7C006F251D /* Accounts.framework */; };
		3A5C3BD01669A9CF009DDA1C /* FirstAccessViewController.m in Sources */ = {isa = PBXBuildFile; fileRef = 3A5C3BCF1669A9CF009DDA1C /* FirstAccessViewController.m */; };
		3A5C3BD61669B310009DDA1C /* RegistrationViewController.m in Sources */ = {isa = PBXBuildFile; fileRef = 3A5C3BD41669B310009DDA1C /* RegistrationViewController.m */; };
		3A5C3BD71669B310009DDA1C /* RegistrationViewController.xib in Resources */ = {isa = PBXBuildFile; fileRef = 3A5C3BD51669B310009DDA1C /* RegistrationViewController.xib */; };
		3A5C3BDA1669DEC9009DDA1C /* User.m in Sources */ = {isa = PBXBuildFile; fileRef = 3A5C3BD91669DEC9009DDA1C /* User.m */; };
		3A698284164B739B004F1E01 /* UIButtonWS.m in Sources */ = {isa = PBXBuildFile; fileRef = 3A698283164B739B004F1E01 /* UIButtonWS.m */; };
		3A698287164B7C03004F1E01 /* wikicleta_logo@2x.png in Resources */ = {isa = PBXBuildFile; fileRef = 3A698286164B7C03004F1E01 /* wikicleta_logo@2x.png */; };
		3AC7B2B5164CD96B008A3B58 /* Authenticator.m in Sources */ = {isa = PBXBuildFile; fileRef = 3AC7B2B4164CD96B008A3B58 /* Authenticator.m */; };
		3AC7B2C1164CE804008A3B58 /* Security.framework in Frameworks */ = {isa = PBXBuildFile; fileRef = 3AC7B2BF164CE7FA008A3B58 /* Security.framework */; };
		3AE39CC81668460C002DE754 /* LoginViewController.m in Sources */ = {isa = PBXBuildFile; fileRef = 3AE39CC61668460C002DE754 /* LoginViewController.m */; };
		3AE39CC91668460C002DE754 /* LoginViewController.xib in Resources */ = {isa = PBXBuildFile; fileRef = 3AE39CC71668460C002DE754 /* LoginViewController.xib */; };
		3AE7A44616692E99006F251D /* QuartzCore.framework in Frameworks */ = {isa = PBXBuildFile; fileRef = 3AE7A44416692E8D006F251D /* QuartzCore.framework */; };
		3AE7A44A16693BFA006F251D /* ExploreViewController.m in Sources */ = {isa = PBXBuildFile; fileRef = 3AE7A44916693BFA006F251D /* ExploreViewController.m */; };
/* End PBXBuildFile section */

/* Begin PBXContainerItemProxy section */
		3A01B4B6164A2F6E00F78822 /* PBXContainerItemProxy */ = {
			isa = PBXContainerItemProxy;
			containerPortal = 3A01B481164A2F6E00F78822 /* Project object */;
			proxyType = 1;
			remoteGlobalIDString = 3A01B489164A2F6E00F78822;
			remoteInfo = Wikicleta;
		};
/* End PBXContainerItemProxy section */

/* Begin PBXFileReference section */
		3A01B48A164A2F6E00F78822 /* Wikicleta.app */ = {isa = PBXFileReference; explicitFileType = wrapper.application; includeInIndex = 0; path = Wikicleta.app; sourceTree = BUILT_PRODUCTS_DIR; };
		3A01B48E164A2F6E00F78822 /* UIKit.framework */ = {isa = PBXFileReference; lastKnownFileType = wrapper.framework; name = UIKit.framework; path = System/Library/Frameworks/UIKit.framework; sourceTree = SDKROOT; };
		3A01B490164A2F6E00F78822 /* Foundation.framework */ = {isa = PBXFileReference; lastKnownFileType = wrapper.framework; name = Foundation.framework; path = System/Library/Frameworks/Foundation.framework; sourceTree = SDKROOT; };
		3A01B492164A2F6E00F78822 /* CoreGraphics.framework */ = {isa = PBXFileReference; lastKnownFileType = wrapper.framework; name = CoreGraphics.framework; path = System/Library/Frameworks/CoreGraphics.framework; sourceTree = SDKROOT; };
		3A01B494164A2F6E00F78822 /* CoreData.framework */ = {isa = PBXFileReference; lastKnownFileType = wrapper.framework; name = CoreData.framework; path = System/Library/Frameworks/CoreData.framework; sourceTree = SDKROOT; };
		3A01B498164A2F6E00F78822 /* Wikicleta-Info.plist */ = {isa = PBXFileReference; lastKnownFileType = text.plist.xml; path = "Wikicleta-Info.plist"; sourceTree = "<group>"; };
		3A01B49A164A2F6E00F78822 /* en */ = {isa = PBXFileReference; lastKnownFileType = text.plist.strings; name = en; path = en.lproj/InfoPlist.strings; sourceTree = "<group>"; };
		3A01B49C164A2F6E00F78822 /* main.m */ = {isa = PBXFileReference; lastKnownFileType = sourcecode.c.objc; path = main.m; sourceTree = "<group>"; };
		3A01B49E164A2F6E00F78822 /* Wikicleta-Prefix.pch */ = {isa = PBXFileReference; lastKnownFileType = sourcecode.c.h; path = "Wikicleta-Prefix.pch"; sourceTree = "<group>"; };
		3A01B49F164A2F6E00F78822 /* AppDelegate.h */ = {isa = PBXFileReference; lastKnownFileType = sourcecode.c.h; path = AppDelegate.h; sourceTree = "<group>"; };
		3A01B4A0164A2F6E00F78822 /* AppDelegate.m */ = {isa = PBXFileReference; lastKnownFileType = sourcecode.c.objc; path = AppDelegate.m; sourceTree = "<group>"; };
		3A01B4A2164A2F6E00F78822 /* Default.png */ = {isa = PBXFileReference; lastKnownFileType = image.png; path = Default.png; sourceTree = "<group>"; };
		3A01B4A4164A2F6E00F78822 /* Default@2x.png */ = {isa = PBXFileReference; lastKnownFileType = image.png; path = "Default@2x.png"; sourceTree = "<group>"; };
		3A01B4A6164A2F6E00F78822 /* Default-568h@2x.png */ = {isa = PBXFileReference; lastKnownFileType = image.png; path = "Default-568h@2x.png"; sourceTree = "<group>"; };
		3A01B4A9164A2F6E00F78822 /* Wikicleta.xcdatamodel */ = {isa = PBXFileReference; lastKnownFileType = wrapper.xcdatamodel; path = Wikicleta.xcdatamodel; sourceTree = "<group>"; };
		3A01B4B0164A2F6E00F78822 /* WikicletaTests.octest */ = {isa = PBXFileReference; explicitFileType = wrapper.cfbundle; includeInIndex = 0; path = WikicletaTests.octest; sourceTree = BUILT_PRODUCTS_DIR; };
		3A01B4B1164A2F6E00F78822 /* SenTestingKit.framework */ = {isa = PBXFileReference; lastKnownFileType = wrapper.framework; name = SenTestingKit.framework; path = Library/Frameworks/SenTestingKit.framework; sourceTree = DEVELOPER_DIR; };
		3A01B4BA164A2F6E00F78822 /* WikicletaTests-Info.plist */ = {isa = PBXFileReference; lastKnownFileType = text.plist.xml; path = "WikicletaTests-Info.plist"; sourceTree = "<group>"; };
		3A01B4BC164A2F6E00F78822 /* en */ = {isa = PBXFileReference; lastKnownFileType = text.plist.strings; name = en; path = en.lproj/InfoPlist.strings; sourceTree = "<group>"; };
		3A01B4BE164A2F6E00F78822 /* WikicletaTests.h */ = {isa = PBXFileReference; lastKnownFileType = sourcecode.c.h; path = WikicletaTests.h; sourceTree = "<group>"; };
		3A01B4BF164A2F6E00F78822 /* WikicletaTests.m */ = {isa = PBXFileReference; lastKnownFileType = sourcecode.c.objc; path = WikicletaTests.m; sourceTree = "<group>"; };
		3A01B4CD164A2FDA00F78822 /* HomeViewController.h */ = {isa = PBXFileReference; fileEncoding = 4; lastKnownFileType = sourcecode.c.h; path = HomeViewController.h; sourceTree = "<group>"; };
		3A01B4CE164A2FDA00F78822 /* HomeViewController.m */ = {isa = PBXFileReference; fileEncoding = 4; lastKnownFileType = sourcecode.c.objc; path = HomeViewController.m; sourceTree = "<group>"; };
		3A01B4D0164A304A00F78822 /* stripe.png */ = {isa = PBXFileReference; lastKnownFileType = image.png; path = stripe.png; sourceTree = "<group>"; };
		3A01B4D1164A304A00F78822 /* wikicleta_logo.png */ = {isa = PBXFileReference; lastKnownFileType = image.png; path = wikicleta_logo.png; sourceTree = "<group>"; };
		3A01B4DA164A315300F78822 /* ASIAuthenticationDialog.h */ = {isa = PBXFileReference; fileEncoding = 4; lastKnownFileType = sourcecode.c.h; path = ASIAuthenticationDialog.h; sourceTree = "<group>"; };
		3A01B4DB164A315300F78822 /* ASIAuthenticationDialog.m */ = {isa = PBXFileReference; fileEncoding = 4; lastKnownFileType = sourcecode.c.objc; path = ASIAuthenticationDialog.m; sourceTree = "<group>"; };
		3A01B4DC164A315300F78822 /* ASICacheDelegate.h */ = {isa = PBXFileReference; fileEncoding = 4; lastKnownFileType = sourcecode.c.h; path = ASICacheDelegate.h; sourceTree = "<group>"; };
		3A01B4DD164A315300F78822 /* ASIDataCompressor.h */ = {isa = PBXFileReference; fileEncoding = 4; lastKnownFileType = sourcecode.c.h; path = ASIDataCompressor.h; sourceTree = "<group>"; };
		3A01B4DE164A315300F78822 /* ASIDataCompressor.m */ = {isa = PBXFileReference; fileEncoding = 4; lastKnownFileType = sourcecode.c.objc; path = ASIDataCompressor.m; sourceTree = "<group>"; };
		3A01B4DF164A315300F78822 /* ASIDataDecompressor.h */ = {isa = PBXFileReference; fileEncoding = 4; lastKnownFileType = sourcecode.c.h; path = ASIDataDecompressor.h; sourceTree = "<group>"; };
		3A01B4E0164A315300F78822 /* ASIDataDecompressor.m */ = {isa = PBXFileReference; fileEncoding = 4; lastKnownFileType = sourcecode.c.objc; path = ASIDataDecompressor.m; sourceTree = "<group>"; };
		3A01B4E1164A315300F78822 /* ASIDownloadCache.h */ = {isa = PBXFileReference; fileEncoding = 4; lastKnownFileType = sourcecode.c.h; path = ASIDownloadCache.h; sourceTree = "<group>"; };
		3A01B4E2164A315300F78822 /* ASIDownloadCache.m */ = {isa = PBXFileReference; fileEncoding = 4; lastKnownFileType = sourcecode.c.objc; path = ASIDownloadCache.m; sourceTree = "<group>"; };
		3A01B4E3164A315300F78822 /* ASIFormDataRequest.h */ = {isa = PBXFileReference; fileEncoding = 4; lastKnownFileType = sourcecode.c.h; path = ASIFormDataRequest.h; sourceTree = "<group>"; };
		3A01B4E4164A315300F78822 /* ASIFormDataRequest.m */ = {isa = PBXFileReference; fileEncoding = 4; lastKnownFileType = sourcecode.c.objc; path = ASIFormDataRequest.m; sourceTree = "<group>"; };
		3A01B4E5164A315300F78822 /* ASIHTTPRequest.h */ = {isa = PBXFileReference; fileEncoding = 4; lastKnownFileType = sourcecode.c.h; path = ASIHTTPRequest.h; sourceTree = "<group>"; };
		3A01B4E6164A315300F78822 /* ASIHTTPRequest.m */ = {isa = PBXFileReference; fileEncoding = 4; lastKnownFileType = sourcecode.c.objc; path = ASIHTTPRequest.m; sourceTree = "<group>"; };
		3A01B4E7164A315300F78822 /* ASIHTTPRequestConfig.h */ = {isa = PBXFileReference; fileEncoding = 4; lastKnownFileType = sourcecode.c.h; path = ASIHTTPRequestConfig.h; sourceTree = "<group>"; };
		3A01B4E8164A315300F78822 /* ASIHTTPRequestDelegate.h */ = {isa = PBXFileReference; fileEncoding = 4; lastKnownFileType = sourcecode.c.h; path = ASIHTTPRequestDelegate.h; sourceTree = "<group>"; };
		3A01B4E9164A315300F78822 /* ASIInputStream.h */ = {isa = PBXFileReference; fileEncoding = 4; lastKnownFileType = sourcecode.c.h; path = ASIInputStream.h; sourceTree = "<group>"; };
		3A01B4EA164A315300F78822 /* ASIInputStream.m */ = {isa = PBXFileReference; fileEncoding = 4; lastKnownFileType = sourcecode.c.objc; path = ASIInputStream.m; sourceTree = "<group>"; };
		3A01B4EB164A315300F78822 /* ASINetworkQueue.h */ = {isa = PBXFileReference; fileEncoding = 4; lastKnownFileType = sourcecode.c.h; path = ASINetworkQueue.h; sourceTree = "<group>"; };
		3A01B4EC164A315300F78822 /* ASINetworkQueue.m */ = {isa = PBXFileReference; fileEncoding = 4; lastKnownFileType = sourcecode.c.objc; path = ASINetworkQueue.m; sourceTree = "<group>"; };
		3A01B4ED164A315300F78822 /* ASIProgressDelegate.h */ = {isa = PBXFileReference; fileEncoding = 4; lastKnownFileType = sourcecode.c.h; path = ASIProgressDelegate.h; sourceTree = "<group>"; };
		3A01B4EF164A315300F78822 /* ASICloudFilesCDNRequest.h */ = {isa = PBXFileReference; fileEncoding = 4; lastKnownFileType = sourcecode.c.h; path = ASICloudFilesCDNRequest.h; sourceTree = "<group>"; };
		3A01B4F0164A315300F78822 /* ASICloudFilesCDNRequest.m */ = {isa = PBXFileReference; fileEncoding = 4; lastKnownFileType = sourcecode.c.objc; path = ASICloudFilesCDNRequest.m; sourceTree = "<group>"; };
		3A01B4F1164A315300F78822 /* ASICloudFilesContainer.h */ = {isa = PBXFileReference; fileEncoding = 4; lastKnownFileType = sourcecode.c.h; path = ASICloudFilesContainer.h; sourceTree = "<group>"; };
		3A01B4F2164A315300F78822 /* ASICloudFilesContainer.m */ = {isa = PBXFileReference; fileEncoding = 4; lastKnownFileType = sourcecode.c.objc; path = ASICloudFilesContainer.m; sourceTree = "<group>"; };
		3A01B4F3164A315300F78822 /* ASICloudFilesContainerRequest.h */ = {isa = PBXFileReference; fileEncoding = 4; lastKnownFileType = sourcecode.c.h; path = ASICloudFilesContainerRequest.h; sourceTree = "<group>"; };
		3A01B4F4164A315300F78822 /* ASICloudFilesContainerRequest.m */ = {isa = PBXFileReference; fileEncoding = 4; lastKnownFileType = sourcecode.c.objc; path = ASICloudFilesContainerRequest.m; sourceTree = "<group>"; };
		3A01B4F5164A315300F78822 /* ASICloudFilesContainerXMLParserDelegate.h */ = {isa = PBXFileReference; fileEncoding = 4; lastKnownFileType = sourcecode.c.h; path = ASICloudFilesContainerXMLParserDelegate.h; sourceTree = "<group>"; };
		3A01B4F6164A315300F78822 /* ASICloudFilesContainerXMLParserDelegate.m */ = {isa = PBXFileReference; fileEncoding = 4; lastKnownFileType = sourcecode.c.objc; path = ASICloudFilesContainerXMLParserDelegate.m; sourceTree = "<group>"; };
		3A01B4F7164A315300F78822 /* ASICloudFilesObject.h */ = {isa = PBXFileReference; fileEncoding = 4; lastKnownFileType = sourcecode.c.h; path = ASICloudFilesObject.h; sourceTree = "<group>"; };
		3A01B4F8164A315300F78822 /* ASICloudFilesObject.m */ = {isa = PBXFileReference; fileEncoding = 4; lastKnownFileType = sourcecode.c.objc; path = ASICloudFilesObject.m; sourceTree = "<group>"; };
		3A01B4F9164A315300F78822 /* ASICloudFilesObjectRequest.h */ = {isa = PBXFileReference; fileEncoding = 4; lastKnownFileType = sourcecode.c.h; path = ASICloudFilesObjectRequest.h; sourceTree = "<group>"; };
		3A01B4FA164A315300F78822 /* ASICloudFilesObjectRequest.m */ = {isa = PBXFileReference; fileEncoding = 4; lastKnownFileType = sourcecode.c.objc; path = ASICloudFilesObjectRequest.m; sourceTree = "<group>"; };
		3A01B4FB164A315300F78822 /* ASICloudFilesRequest.h */ = {isa = PBXFileReference; fileEncoding = 4; lastKnownFileType = sourcecode.c.h; path = ASICloudFilesRequest.h; sourceTree = "<group>"; };
		3A01B4FC164A315300F78822 /* ASICloudFilesRequest.m */ = {isa = PBXFileReference; fileEncoding = 4; lastKnownFileType = sourcecode.c.objc; path = ASICloudFilesRequest.m; sourceTree = "<group>"; };
		3A01B4FD164A315300F78822 /* Reachability.h */ = {isa = PBXFileReference; fileEncoding = 4; lastKnownFileType = sourcecode.c.h; path = Reachability.h; sourceTree = "<group>"; };
		3A01B4FE164A315300F78822 /* Reachability.m */ = {isa = PBXFileReference; fileEncoding = 4; lastKnownFileType = sourcecode.c.objc; path = Reachability.m; sourceTree = "<group>"; };
		3A01B500164A315300F78822 /* ASINSXMLParserCompat.h */ = {isa = PBXFileReference; fileEncoding = 4; lastKnownFileType = sourcecode.c.h; path = ASINSXMLParserCompat.h; sourceTree = "<group>"; };
		3A01B501164A315300F78822 /* ASIS3Bucket.h */ = {isa = PBXFileReference; fileEncoding = 4; lastKnownFileType = sourcecode.c.h; path = ASIS3Bucket.h; sourceTree = "<group>"; };
		3A01B502164A315300F78822 /* ASIS3Bucket.m */ = {isa = PBXFileReference; fileEncoding = 4; lastKnownFileType = sourcecode.c.objc; path = ASIS3Bucket.m; sourceTree = "<group>"; };
		3A01B503164A315300F78822 /* ASIS3BucketObject.h */ = {isa = PBXFileReference; fileEncoding = 4; lastKnownFileType = sourcecode.c.h; path = ASIS3BucketObject.h; sourceTree = "<group>"; };
		3A01B504164A315300F78822 /* ASIS3BucketObject.m */ = {isa = PBXFileReference; fileEncoding = 4; lastKnownFileType = sourcecode.c.objc; path = ASIS3BucketObject.m; sourceTree = "<group>"; };
		3A01B505164A315300F78822 /* ASIS3BucketRequest.h */ = {isa = PBXFileReference; fileEncoding = 4; lastKnownFileType = sourcecode.c.h; path = ASIS3BucketRequest.h; sourceTree = "<group>"; };
		3A01B506164A315300F78822 /* ASIS3BucketRequest.m */ = {isa = PBXFileReference; fileEncoding = 4; lastKnownFileType = sourcecode.c.objc; path = ASIS3BucketRequest.m; sourceTree = "<group>"; };
		3A01B507164A315300F78822 /* ASIS3ObjectRequest.h */ = {isa = PBXFileReference; fileEncoding = 4; lastKnownFileType = sourcecode.c.h; path = ASIS3ObjectRequest.h; sourceTree = "<group>"; };
		3A01B508164A315300F78822 /* ASIS3ObjectRequest.m */ = {isa = PBXFileReference; fileEncoding = 4; lastKnownFileType = sourcecode.c.objc; path = ASIS3ObjectRequest.m; sourceTree = "<group>"; };
		3A01B509164A315300F78822 /* ASIS3Request.h */ = {isa = PBXFileReference; fileEncoding = 4; lastKnownFileType = sourcecode.c.h; path = ASIS3Request.h; sourceTree = "<group>"; };
		3A01B50A164A315300F78822 /* ASIS3Request.m */ = {isa = PBXFileReference; fileEncoding = 4; lastKnownFileType = sourcecode.c.objc; path = ASIS3Request.m; sourceTree = "<group>"; };
		3A01B50B164A315300F78822 /* ASIS3ServiceRequest.h */ = {isa = PBXFileReference; fileEncoding = 4; lastKnownFileType = sourcecode.c.h; path = ASIS3ServiceRequest.h; sourceTree = "<group>"; };
		3A01B50C164A315300F78822 /* ASIS3ServiceRequest.m */ = {isa = PBXFileReference; fileEncoding = 4; lastKnownFileType = sourcecode.c.objc; path = ASIS3ServiceRequest.m; sourceTree = "<group>"; };
		3A01B50E164A315300F78822 /* ASICloudFilesRequestTests.h */ = {isa = PBXFileReference; fileEncoding = 4; lastKnownFileType = sourcecode.c.h; path = ASICloudFilesRequestTests.h; sourceTree = "<group>"; };
		3A01B50F164A315300F78822 /* ASICloudFilesRequestTests.m */ = {isa = PBXFileReference; fileEncoding = 4; lastKnownFileType = sourcecode.c.objc; path = ASICloudFilesRequestTests.m; sourceTree = "<group>"; };
		3A01B510164A315300F78822 /* ASIDataCompressorTests.h */ = {isa = PBXFileReference; fileEncoding = 4; lastKnownFileType = sourcecode.c.h; path = ASIDataCompressorTests.h; sourceTree = "<group>"; };
		3A01B511164A315300F78822 /* ASIDataCompressorTests.m */ = {isa = PBXFileReference; fileEncoding = 4; lastKnownFileType = sourcecode.c.objc; path = ASIDataCompressorTests.m; sourceTree = "<group>"; };
		3A01B512164A315300F78822 /* ASIDownloadCacheTests.h */ = {isa = PBXFileReference; fileEncoding = 4; lastKnownFileType = sourcecode.c.h; path = ASIDownloadCacheTests.h; sourceTree = "<group>"; };
		3A01B513164A315300F78822 /* ASIDownloadCacheTests.m */ = {isa = PBXFileReference; fileEncoding = 4; lastKnownFileType = sourcecode.c.objc; path = ASIDownloadCacheTests.m; sourceTree = "<group>"; };
		3A01B514164A315300F78822 /* ASIFormDataRequestTests.h */ = {isa = PBXFileReference; fileEncoding = 4; lastKnownFileType = sourcecode.c.h; path = ASIFormDataRequestTests.h; sourceTree = "<group>"; };
		3A01B515164A315300F78822 /* ASIFormDataRequestTests.m */ = {isa = PBXFileReference; fileEncoding = 4; lastKnownFileType = sourcecode.c.objc; path = ASIFormDataRequestTests.m; sourceTree = "<group>"; };
		3A01B516164A315300F78822 /* ASIHTTPRequestTests.h */ = {isa = PBXFileReference; fileEncoding = 4; lastKnownFileType = sourcecode.c.h; path = ASIHTTPRequestTests.h; sourceTree = "<group>"; };
		3A01B517164A315300F78822 /* ASIHTTPRequestTests.m */ = {isa = PBXFileReference; fileEncoding = 4; lastKnownFileType = sourcecode.c.objc; path = ASIHTTPRequestTests.m; sourceTree = "<group>"; };
		3A01B518164A315300F78822 /* ASINetworkQueueTests.h */ = {isa = PBXFileReference; fileEncoding = 4; lastKnownFileType = sourcecode.c.h; path = ASINetworkQueueTests.h; sourceTree = "<group>"; };
		3A01B519164A315300F78822 /* ASINetworkQueueTests.m */ = {isa = PBXFileReference; fileEncoding = 4; lastKnownFileType = sourcecode.c.objc; path = ASINetworkQueueTests.m; sourceTree = "<group>"; };
		3A01B51A164A315300F78822 /* ASIS3RequestTests.h */ = {isa = PBXFileReference; fileEncoding = 4; lastKnownFileType = sourcecode.c.h; path = ASIS3RequestTests.h; sourceTree = "<group>"; };
		3A01B51B164A315300F78822 /* ASIS3RequestTests.m */ = {isa = PBXFileReference; fileEncoding = 4; lastKnownFileType = sourcecode.c.objc; path = ASIS3RequestTests.m; sourceTree = "<group>"; };
		3A01B51C164A315300F78822 /* ASITestCase.h */ = {isa = PBXFileReference; fileEncoding = 4; lastKnownFileType = sourcecode.c.h; path = ASITestCase.h; sourceTree = "<group>"; };
		3A01B51D164A315300F78822 /* ASITestCase.m */ = {isa = PBXFileReference; fileEncoding = 4; lastKnownFileType = sourcecode.c.objc; path = ASITestCase.m; sourceTree = "<group>"; };
		3A01B51E164A315300F78822 /* ASIWebPageRequestTests.h */ = {isa = PBXFileReference; fileEncoding = 4; lastKnownFileType = sourcecode.c.h; path = ASIWebPageRequestTests.h; sourceTree = "<group>"; };
		3A01B51F164A315300F78822 /* ASIWebPageRequestTests.m */ = {isa = PBXFileReference; fileEncoding = 4; lastKnownFileType = sourcecode.c.objc; path = ASIWebPageRequestTests.m; sourceTree = "<group>"; };
		3A01B520164A315300F78822 /* BlocksTests.h */ = {isa = PBXFileReference; fileEncoding = 4; lastKnownFileType = sourcecode.c.h; path = BlocksTests.h; sourceTree = "<group>"; };
		3A01B521164A315300F78822 /* BlocksTests.m */ = {isa = PBXFileReference; fileEncoding = 4; lastKnownFileType = sourcecode.c.objc; path = BlocksTests.m; sourceTree = "<group>"; };
		3A01B522164A315300F78822 /* ClientCertificateTests.h */ = {isa = PBXFileReference; fileEncoding = 4; lastKnownFileType = sourcecode.c.h; path = ClientCertificateTests.h; sourceTree = "<group>"; };
		3A01B523164A315300F78822 /* ClientCertificateTests.m */ = {isa = PBXFileReference; fileEncoding = 4; lastKnownFileType = sourcecode.c.objc; path = ClientCertificateTests.m; sourceTree = "<group>"; };
		3A01B524164A315300F78822 /* GHUnitTestMain.m */ = {isa = PBXFileReference; fileEncoding = 4; lastKnownFileType = sourcecode.c.objc; path = GHUnitTestMain.m; sourceTree = "<group>"; };
		3A01B525164A315300F78822 /* PerformanceTests.h */ = {isa = PBXFileReference; fileEncoding = 4; lastKnownFileType = sourcecode.c.h; path = PerformanceTests.h; sourceTree = "<group>"; };
		3A01B526164A315300F78822 /* PerformanceTests.m */ = {isa = PBXFileReference; fileEncoding = 4; lastKnownFileType = sourcecode.c.objc; path = PerformanceTests.m; sourceTree = "<group>"; };
		3A01B527164A315300F78822 /* ProxyTests.h */ = {isa = PBXFileReference; fileEncoding = 4; lastKnownFileType = sourcecode.c.h; path = ProxyTests.h; sourceTree = "<group>"; };
		3A01B528164A315300F78822 /* ProxyTests.m */ = {isa = PBXFileReference; fileEncoding = 4; lastKnownFileType = sourcecode.c.objc; path = ProxyTests.m; sourceTree = "<group>"; };
		3A01B529164A315300F78822 /* StressTests.h */ = {isa = PBXFileReference; fileEncoding = 4; lastKnownFileType = sourcecode.c.h; path = StressTests.h; sourceTree = "<group>"; };
		3A01B52A164A315300F78822 /* StressTests.m */ = {isa = PBXFileReference; fileEncoding = 4; lastKnownFileType = sourcecode.c.objc; path = StressTests.m; sourceTree = "<group>"; };
		3A01B52C164A315300F78822 /* NSObject+SBJson.h */ = {isa = PBXFileReference; fileEncoding = 4; lastKnownFileType = sourcecode.c.h; path = "NSObject+SBJson.h"; sourceTree = "<group>"; };
		3A01B52D164A315300F78822 /* NSObject+SBJson.m */ = {isa = PBXFileReference; fileEncoding = 4; lastKnownFileType = sourcecode.c.objc; path = "NSObject+SBJson.m"; sourceTree = "<group>"; };
		3A01B52E164A315300F78822 /* SBJson.h */ = {isa = PBXFileReference; fileEncoding = 4; lastKnownFileType = sourcecode.c.h; path = SBJson.h; sourceTree = "<group>"; };
		3A01B52F164A315300F78822 /* SBJsonParser.h */ = {isa = PBXFileReference; fileEncoding = 4; lastKnownFileType = sourcecode.c.h; path = SBJsonParser.h; sourceTree = "<group>"; };
		3A01B530164A315300F78822 /* SBJsonParser.m */ = {isa = PBXFileReference; fileEncoding = 4; lastKnownFileType = sourcecode.c.objc; path = SBJsonParser.m; sourceTree = "<group>"; };
		3A01B531164A315300F78822 /* SBJsonStreamParser.h */ = {isa = PBXFileReference; fileEncoding = 4; lastKnownFileType = sourcecode.c.h; path = SBJsonStreamParser.h; sourceTree = "<group>"; };
		3A01B532164A315300F78822 /* SBJsonStreamParser.m */ = {isa = PBXFileReference; fileEncoding = 4; lastKnownFileType = sourcecode.c.objc; path = SBJsonStreamParser.m; sourceTree = "<group>"; };
		3A01B533164A315300F78822 /* SBJsonStreamParserAccumulator.h */ = {isa = PBXFileReference; fileEncoding = 4; lastKnownFileType = sourcecode.c.h; path = SBJsonStreamParserAccumulator.h; sourceTree = "<group>"; };
		3A01B534164A315300F78822 /* SBJsonStreamParserAccumulator.m */ = {isa = PBXFileReference; fileEncoding = 4; lastKnownFileType = sourcecode.c.objc; path = SBJsonStreamParserAccumulator.m; sourceTree = "<group>"; };
		3A01B535164A315300F78822 /* SBJsonStreamParserAdapter.h */ = {isa = PBXFileReference; fileEncoding = 4; lastKnownFileType = sourcecode.c.h; path = SBJsonStreamParserAdapter.h; sourceTree = "<group>"; };
		3A01B536164A315300F78822 /* SBJsonStreamParserAdapter.m */ = {isa = PBXFileReference; fileEncoding = 4; lastKnownFileType = sourcecode.c.objc; path = SBJsonStreamParserAdapter.m; sourceTree = "<group>"; };
		3A01B537164A315300F78822 /* SBJsonStreamParserState.h */ = {isa = PBXFileReference; fileEncoding = 4; lastKnownFileType = sourcecode.c.h; path = SBJsonStreamParserState.h; sourceTree = "<group>"; };
		3A01B538164A315300F78822 /* SBJsonStreamParserState.m */ = {isa = PBXFileReference; fileEncoding = 4; lastKnownFileType = sourcecode.c.objc; path = SBJsonStreamParserState.m; sourceTree = "<group>"; };
		3A01B539164A315300F78822 /* SBJsonStreamWriter.h */ = {isa = PBXFileReference; fileEncoding = 4; lastKnownFileType = sourcecode.c.h; path = SBJsonStreamWriter.h; sourceTree = "<group>"; };
		3A01B53A164A315300F78822 /* SBJsonStreamWriter.m */ = {isa = PBXFileReference; fileEncoding = 4; lastKnownFileType = sourcecode.c.objc; path = SBJsonStreamWriter.m; sourceTree = "<group>"; };
		3A01B53B164A315300F78822 /* SBJsonStreamWriterAccumulator.h */ = {isa = PBXFileReference; fileEncoding = 4; lastKnownFileType = sourcecode.c.h; path = SBJsonStreamWriterAccumulator.h; sourceTree = "<group>"; };
		3A01B53C164A315300F78822 /* SBJsonStreamWriterAccumulator.m */ = {isa = PBXFileReference; fileEncoding = 4; lastKnownFileType = sourcecode.c.objc; path = SBJsonStreamWriterAccumulator.m; sourceTree = "<group>"; };
		3A01B53D164A315300F78822 /* SBJsonStreamWriterState.h */ = {isa = PBXFileReference; fileEncoding = 4; lastKnownFileType = sourcecode.c.h; path = SBJsonStreamWriterState.h; sourceTree = "<group>"; };
		3A01B53E164A315300F78822 /* SBJsonStreamWriterState.m */ = {isa = PBXFileReference; fileEncoding = 4; lastKnownFileType = sourcecode.c.objc; path = SBJsonStreamWriterState.m; sourceTree = "<group>"; };
		3A01B53F164A315300F78822 /* SBJsonTokeniser.h */ = {isa = PBXFileReference; fileEncoding = 4; lastKnownFileType = sourcecode.c.h; path = SBJsonTokeniser.h; sourceTree = "<group>"; };
		3A01B540164A315300F78822 /* SBJsonTokeniser.m */ = {isa = PBXFileReference; fileEncoding = 4; lastKnownFileType = sourcecode.c.objc; path = SBJsonTokeniser.m; sourceTree = "<group>"; };
		3A01B541164A315300F78822 /* SBJsonUTF8Stream.h */ = {isa = PBXFileReference; fileEncoding = 4; lastKnownFileType = sourcecode.c.h; path = SBJsonUTF8Stream.h; sourceTree = "<group>"; };
		3A01B542164A315300F78822 /* SBJsonUTF8Stream.m */ = {isa = PBXFileReference; fileEncoding = 4; lastKnownFileType = sourcecode.c.objc; path = SBJsonUTF8Stream.m; sourceTree = "<group>"; };
		3A01B543164A315300F78822 /* SBJsonWriter.h */ = {isa = PBXFileReference; fileEncoding = 4; lastKnownFileType = sourcecode.c.h; path = SBJsonWriter.h; sourceTree = "<group>"; };
		3A01B544164A315300F78822 /* SBJsonWriter.m */ = {isa = PBXFileReference; fileEncoding = 4; lastKnownFileType = sourcecode.c.objc; path = SBJsonWriter.m; sourceTree = "<group>"; };
		3A01B546164A315300F78822 /* UIColor-Expanded.h */ = {isa = PBXFileReference; fileEncoding = 4; lastKnownFileType = sourcecode.c.h; path = "UIColor-Expanded.h"; sourceTree = "<group>"; };
		3A01B547164A315300F78822 /* UIColor-Expanded.m */ = {isa = PBXFileReference; fileEncoding = 4; lastKnownFileType = sourcecode.c.objc; path = "UIColor-Expanded.m"; sourceTree = "<group>"; };
		3A01B57F164A321500F78822 /* App.h */ = {isa = PBXFileReference; fileEncoding = 4; lastKnownFileType = sourcecode.c.h; path = App.h; sourceTree = "<group>"; };
		3A01B580164A321500F78822 /* App.m */ = {isa = PBXFileReference; fileEncoding = 4; lastKnownFileType = sourcecode.c.objc; path = App.m; sourceTree = "<group>"; };
		3A01B582164A325000F78822 /* CoreLocation.framework */ = {isa = PBXFileReference; lastKnownFileType = wrapper.framework; name = CoreLocation.framework; path = System/Library/Frameworks/CoreLocation.framework; sourceTree = SDKROOT; };
		3A01B584164A329D00F78822 /* urls.plist */ = {isa = PBXFileReference; fileEncoding = 4; lastKnownFileType = text.plist.xml; path = urls.plist; sourceTree = "<group>"; };
		3A01B587164A354900F78822 /* libz.dylib */ = {isa = PBXFileReference; lastKnownFileType = "compiled.mach-o.dylib"; name = libz.dylib; path = usr/lib/libz.dylib; sourceTree = SDKROOT; };
		3A01B58B164A358000F78822 /* CFNetwork.framework */ = {isa = PBXFileReference; lastKnownFileType = wrapper.framework; name = CFNetwork.framework; path = System/Library/Frameworks/CFNetwork.framework; sourceTree = SDKROOT; };
		3A01B58E164A35A300F78822 /* AVFoundation.framework */ = {isa = PBXFileReference; lastKnownFileType = wrapper.framework; name = AVFoundation.framework; path = System/Library/Frameworks/AVFoundation.framework; sourceTree = SDKROOT; };
		3A01B590164A35B000F78822 /* libsqlite3.dylib */ = {isa = PBXFileReference; lastKnownFileType = "compiled.mach-o.dylib"; name = libsqlite3.dylib; path = usr/lib/libsqlite3.dylib; sourceTree = SDKROOT; };
		3A01B594164A35EA00F78822 /* MobileCoreServices.framework */ = {isa = PBXFileReference; lastKnownFileType = wrapper.framework; name = MobileCoreServices.framework; path = System/Library/Frameworks/MobileCoreServices.framework; sourceTree = SDKROOT; };
		3A01B597164A360D00F78822 /* SystemConfiguration.framework */ = {isa = PBXFileReference; lastKnownFileType = wrapper.framework; name = SystemConfiguration.framework; path = System/Library/Frameworks/SystemConfiguration.framework; sourceTree = SDKROOT; };
		3A417AD51669A53000E6DF0B /* SinglySDK.bundle */ = {isa = PBXFileReference; lastKnownFileType = "wrapper.plug-in"; path = SinglySDK.bundle; sourceTree = "<group>"; };
		3A417AD61669A53000E6DF0B /* SinglySDK.framework */ = {isa = PBXFileReference; lastKnownFileType = wrapper.framework; path = SinglySDK.framework; sourceTree = "<group>"; };
		3A5C3BCE1669A9CF009DDA1C /* FirstAccessViewController.h */ = {isa = PBXFileReference; fileEncoding = 4; lastKnownFileType = sourcecode.c.h; path = FirstAccessViewController.h; sourceTree = "<group>"; };
		3A5C3BCF1669A9CF009DDA1C /* FirstAccessViewController.m */ = {isa = PBXFileReference; fileEncoding = 4; lastKnownFileType = sourcecode.c.objc; path = FirstAccessViewController.m; sourceTree = "<group>"; };
		3A5C3BD31669B310009DDA1C /* RegistrationViewController.h */ = {isa = PBXFileReference; fileEncoding = 4; lastKnownFileType = sourcecode.c.h; path = RegistrationViewController.h; sourceTree = "<group>"; };
		3A5C3BD41669B310009DDA1C /* RegistrationViewController.m */ = {isa = PBXFileReference; fileEncoding = 4; lastKnownFileType = sourcecode.c.objc; path = RegistrationViewController.m; sourceTree = "<group>"; };
		3A5C3BD51669B310009DDA1C /* RegistrationViewController.xib */ = {isa = PBXFileReference; fileEncoding = 4; lastKnownFileType = file.xib; path = RegistrationViewController.xib; sourceTree = "<group>"; };
		3A5C3BD81669DEC9009DDA1C /* User.h */ = {isa = PBXFileReference; fileEncoding = 4; lastKnownFileType = sourcecode.c.h; path = User.h; sourceTree = "<group>"; };
		3A5C3BD91669DEC9009DDA1C /* User.m */ = {isa = PBXFileReference; fileEncoding = 4; lastKnownFileType = sourcecode.c.objc; path = User.m; sourceTree = "<group>"; };
		3A698282164B739B004F1E01 /* UIButtonWS.h */ = {isa = PBXFileReference; fileEncoding = 4; lastKnownFileType = sourcecode.c.h; path = UIButtonWS.h; sourceTree = "<group>"; };
		3A698283164B739B004F1E01 /* UIButtonWS.m */ = {isa = PBXFileReference; fileEncoding = 4; lastKnownFileType = sourcecode.c.objc; path = UIButtonWS.m; sourceTree = "<group>"; };
		3A698286164B7C03004F1E01 /* wikicleta_logo@2x.png */ = {isa = PBXFileReference; lastKnownFileType = image.png; path = "wikicleta_logo@2x.png"; sourceTree = "<group>"; };
		3AC7B2B3164CD96B008A3B58 /* Authenticator.h */ = {isa = PBXFileReference; fileEncoding = 4; lastKnownFileType = sourcecode.c.h; path = Authenticator.h; sourceTree = "<group>"; };
		3AC7B2B4164CD96B008A3B58 /* Authenticator.m */ = {isa = PBXFileReference; fileEncoding = 4; lastKnownFileType = sourcecode.c.objc; path = Authenticator.m; sourceTree = "<group>"; };
		3AC7B2BE164CE521008A3B58 /* AuthenticatorDelegate.h */ = {isa = PBXFileReference; lastKnownFileType = sourcecode.c.h; path = AuthenticatorDelegate.h; sourceTree = "<group>"; };
		3AC7B2BF164CE7FA008A3B58 /* Security.framework */ = {isa = PBXFileReference; lastKnownFileType = wrapper.framework; name = Security.framework; path = System/Library/Frameworks/Security.framework; sourceTree = SDKROOT; };
		3AE39CC51668460C002DE754 /* LoginViewController.h */ = {isa = PBXFileReference; fileEncoding = 4; lastKnownFileType = sourcecode.c.h; name = LoginViewController.h; path = ../LoginViewController.h; sourceTree = "<group>"; };
		3AE39CC61668460C002DE754 /* LoginViewController.m */ = {isa = PBXFileReference; fileEncoding = 4; lastKnownFileType = sourcecode.c.objc; name = LoginViewController.m; path = ../LoginViewController.m; sourceTree = "<group>"; };
		3AE39CC71668460C002DE754 /* LoginViewController.xib */ = {isa = PBXFileReference; fileEncoding = 4; lastKnownFileType = file.xib; name = LoginViewController.xib; path = ../LoginViewController.xib; sourceTree = "<group>"; };
		3AE7A44216692E7C006F251D /* Accounts.framework */ = {isa = PBXFileReference; lastKnownFileType = wrapper.framework; name = Accounts.framework; path = System/Library/Frameworks/Accounts.framework; sourceTree = SDKROOT; };
		3AE7A44416692E8D006F251D /* QuartzCore.framework */ = {isa = PBXFileReference; lastKnownFileType = wrapper.framework; name = QuartzCore.framework; path = System/Library/Frameworks/QuartzCore.framework; sourceTree = SDKROOT; };
		3AE7A44816693BFA006F251D /* ExploreViewController.h */ = {isa = PBXFileReference; fileEncoding = 4; lastKnownFileType = sourcecode.c.h; path = ExploreViewController.h; sourceTree = "<group>"; };
		3AE7A44916693BFA006F251D /* ExploreViewController.m */ = {isa = PBXFileReference; fileEncoding = 4; lastKnownFileType = sourcecode.c.objc; path = ExploreViewController.m; sourceTree = "<group>"; };
/* End PBXFileReference section */

/* Begin PBXFrameworksBuildPhase section */
		3A01B487164A2F6E00F78822 /* Frameworks */ = {
			isa = PBXFrameworksBuildPhase;
			buildActionMask = 2147483647;
			files = (
				3A417ACF16699E9000E6DF0B /* Accounts.framework in Frameworks */,
				3A01B599164A361500F78822 /* SystemConfiguration.framework in Frameworks */,
				3A01B596164A35F100F78822 /* MobileCoreServices.framework in Frameworks */,
				3AE7A44616692E99006F251D /* QuartzCore.framework in Frameworks */,
				3A01B48F164A2F6E00F78822 /* UIKit.framework in Frameworks */,
				3A01B58D164A358B00F78822 /* CFNetwork.framework in Frameworks */,
				3A01B592164A35C200F78822 /* libsqlite3.dylib in Frameworks */,
				3A01B589164A356000F78822 /* libz.dylib in Frameworks */,
				3A01B593164A35C700F78822 /* AVFoundation.framework in Frameworks */,
				3A01B58A164A356000F78822 /* CoreLocation.framework in Frameworks */,
				3AC7B2C1164CE804008A3B58 /* Security.framework in Frameworks */,
				3A01B491164A2F6E00F78822 /* Foundation.framework in Frameworks */,
				3A01B493164A2F6E00F78822 /* CoreGraphics.framework in Frameworks */,
				3A01B495164A2F6E00F78822 /* CoreData.framework in Frameworks */,
			);
			runOnlyForDeploymentPostprocessing = 0;
		};
		3A01B4AC164A2F6E00F78822 /* Frameworks */ = {
			isa = PBXFrameworksBuildPhase;
			buildActionMask = 2147483647;
			files = (
				3A01B4B2164A2F6E00F78822 /* SenTestingKit.framework in Frameworks */,
				3A01B4B3164A2F6E00F78822 /* UIKit.framework in Frameworks */,
				3A01B4B4164A2F6E00F78822 /* Foundation.framework in Frameworks */,
				3A01B4B5164A2F6E00F78822 /* CoreData.framework in Frameworks */,
			);
			runOnlyForDeploymentPostprocessing = 0;
		};
/* End PBXFrameworksBuildPhase section */

/* Begin PBXGroup section */
		3A01B47F164A2F6E00F78822 = {
			isa = PBXGroup;
			children = (
				3A01B496164A2F6E00F78822 /* Wikicleta */,
				3A01B4B8164A2F6E00F78822 /* WikicletaTests */,
				3A01B48D164A2F6E00F78822 /* Frameworks */,
				3A01B48B164A2F6E00F78822 /* Products */,
			);
			sourceTree = "<group>";
		};
		3A01B48B164A2F6E00F78822 /* Products */ = {
			isa = PBXGroup;
			children = (
				3A01B48A164A2F6E00F78822 /* Wikicleta.app */,
				3A01B4B0164A2F6E00F78822 /* WikicletaTests.octest */,
			);
			name = Products;
			sourceTree = "<group>";
		};
		3A01B48D164A2F6E00F78822 /* Frameworks */ = {
			isa = PBXGroup;
			children = (
				3AE7A44416692E8D006F251D /* QuartzCore.framework */,
				3AE7A44216692E7C006F251D /* Accounts.framework */,
				3AC7B2BF164CE7FA008A3B58 /* Security.framework */,
				3A01B597164A360D00F78822 /* SystemConfiguration.framework */,
				3A01B594164A35EA00F78822 /* MobileCoreServices.framework */,
				3A01B58E164A35A300F78822 /* AVFoundation.framework */,
				3A01B590164A35B000F78822 /* libsqlite3.dylib */,
				3A01B587164A354900F78822 /* libz.dylib */,
				3A01B58B164A358000F78822 /* CFNetwork.framework */,
				3A01B582164A325000F78822 /* CoreLocation.framework */,
				3A01B48E164A2F6E00F78822 /* UIKit.framework */,
				3A01B490164A2F6E00F78822 /* Foundation.framework */,
				3A01B492164A2F6E00F78822 /* CoreGraphics.framework */,
				3A01B494164A2F6E00F78822 /* CoreData.framework */,
				3A01B4B1164A2F6E00F78822 /* SenTestingKit.framework */,
			);
			name = Frameworks;
			sourceTree = "<group>";
		};
		3A01B496164A2F6E00F78822 /* Wikicleta */ = {
			isa = PBXGroup;
			children = (
				3AC7B2B2164CD92E008A3B58 /* Helpers */,
				3A01B57E164A320300F78822 /* Config */,
				3A01B4D8164A313900F78822 /* Libraries */,
				3A01B4C9164A2FAA00F78822 /* Assets */,
				3A01B4CA164A2FAA00F78822 /* Controllers */,
				3A01B4CB164A2FAA00F78822 /* Models */,
				3A01B4CC164A2FAA00F78822 /* Views */,
				3A01B49F164A2F6E00F78822 /* AppDelegate.h */,
				3A01B4A0164A2F6E00F78822 /* AppDelegate.m */,
				3A01B584164A329D00F78822 /* urls.plist */,
				3A01B4A8164A2F6E00F78822 /* Wikicleta.xcdatamodeld */,
				3A01B497164A2F6E00F78822 /* Supporting Files */,
			);
			path = Wikicleta;
			sourceTree = "<group>";
		};
		3A01B497164A2F6E00F78822 /* Supporting Files */ = {
			isa = PBXGroup;
			children = (
				3A01B498164A2F6E00F78822 /* Wikicleta-Info.plist */,
				3A01B499164A2F6E00F78822 /* InfoPlist.strings */,
				3A01B49C164A2F6E00F78822 /* main.m */,
				3A01B49E164A2F6E00F78822 /* Wikicleta-Prefix.pch */,
				3A01B4A2164A2F6E00F78822 /* Default.png */,
				3A01B4A4164A2F6E00F78822 /* Default@2x.png */,
				3A01B4A6164A2F6E00F78822 /* Default-568h@2x.png */,
			);
			name = "Supporting Files";
			sourceTree = "<group>";
		};
		3A01B4B8164A2F6E00F78822 /* WikicletaTests */ = {
			isa = PBXGroup;
			children = (
				3A01B4BE164A2F6E00F78822 /* WikicletaTests.h */,
				3A01B4BF164A2F6E00F78822 /* WikicletaTests.m */,
				3A01B4B9164A2F6E00F78822 /* Supporting Files */,
			);
			path = WikicletaTests;
			sourceTree = "<group>";
		};
		3A01B4B9164A2F6E00F78822 /* Supporting Files */ = {
			isa = PBXGroup;
			children = (
				3A01B4BA164A2F6E00F78822 /* WikicletaTests-Info.plist */,
				3A01B4BB164A2F6E00F78822 /* InfoPlist.strings */,
			);
			name = "Supporting Files";
			sourceTree = "<group>";
		};
		3A01B4C9164A2FAA00F78822 /* Assets */ = {
			isa = PBXGroup;
			children = (
				3A698286164B7C03004F1E01 /* wikicleta_logo@2x.png */,
				3A01B4D0164A304A00F78822 /* stripe.png */,
				3A01B4D1164A304A00F78822 /* wikicleta_logo.png */,
			);
			path = Assets;
			sourceTree = "<group>";
		};
		3A01B4CA164A2FAA00F78822 /* Controllers */ = {
			isa = PBXGroup;
			children = (
				3A5C3BD21669B2F1009DDA1C /* FirstAccessControllers */,
				3A01B4CD164A2FDA00F78822 /* HomeViewController.h */,
				3A01B4CE164A2FDA00F78822 /* HomeViewController.m */,
				3AE7A44816693BFA006F251D /* ExploreViewController.h */,
				3AE7A44916693BFA006F251D /* ExploreViewController.m */,
				3A5C3BCE1669A9CF009DDA1C /* FirstAccessViewController.h */,
				3A5C3BCF1669A9CF009DDA1C /* FirstAccessViewController.m */,
			);
			path = Controllers;
			sourceTree = "<group>";
		};
		3A01B4CB164A2FAA00F78822 /* Models */ = {
			isa = PBXGroup;
			children = (
				3A5C3BD81669DEC9009DDA1C /* User.h */,
				3A5C3BD91669DEC9009DDA1C /* User.m */,
			);
			path = Models;
			sourceTree = "<group>";
		};
		3A01B4CC164A2FAA00F78822 /* Views */ = {
			isa = PBXGroup;
			children = (
				3A698282164B739B004F1E01 /* UIButtonWS.h */,
				3A698283164B739B004F1E01 /* UIButtonWS.m */,
			);
			path = Views;
			sourceTree = "<group>";
		};
		3A01B4D8164A313900F78822 /* Libraries */ = {
			isa = PBXGroup;
			children = (
				3A417AD41669A53000E6DF0B /* Singly */,
				3A01B4D9164A315300F78822 /* ASIHTTPRequest */,
				3A01B52B164A315300F78822 /* SBJson */,
				3A01B545164A315300F78822 /* UIColor+Expanded */,
			);
			path = Libraries;
			sourceTree = "<group>";
		};
		3A01B4D9164A315300F78822 /* ASIHTTPRequest */ = {
			isa = PBXGroup;
			children = (
				3A01B4DA164A315300F78822 /* ASIAuthenticationDialog.h */,
				3A01B4DB164A315300F78822 /* ASIAuthenticationDialog.m */,
				3A01B4DC164A315300F78822 /* ASICacheDelegate.h */,
				3A01B4DD164A315300F78822 /* ASIDataCompressor.h */,
				3A01B4DE164A315300F78822 /* ASIDataCompressor.m */,
				3A01B4DF164A315300F78822 /* ASIDataDecompressor.h */,
				3A01B4E0164A315300F78822 /* ASIDataDecompressor.m */,
				3A01B4E1164A315300F78822 /* ASIDownloadCache.h */,
				3A01B4E2164A315300F78822 /* ASIDownloadCache.m */,
				3A01B4E3164A315300F78822 /* ASIFormDataRequest.h */,
				3A01B4E4164A315300F78822 /* ASIFormDataRequest.m */,
				3A01B4E5164A315300F78822 /* ASIHTTPRequest.h */,
				3A01B4E6164A315300F78822 /* ASIHTTPRequest.m */,
				3A01B4E7164A315300F78822 /* ASIHTTPRequestConfig.h */,
				3A01B4E8164A315300F78822 /* ASIHTTPRequestDelegate.h */,
				3A01B4E9164A315300F78822 /* ASIInputStream.h */,
				3A01B4EA164A315300F78822 /* ASIInputStream.m */,
				3A01B4EB164A315300F78822 /* ASINetworkQueue.h */,
				3A01B4EC164A315300F78822 /* ASINetworkQueue.m */,
				3A01B4ED164A315300F78822 /* ASIProgressDelegate.h */,
				3A01B4EE164A315300F78822 /* CloudFiles */,
				3A01B4FD164A315300F78822 /* Reachability.h */,
				3A01B4FE164A315300F78822 /* Reachability.m */,
				3A01B4FF164A315300F78822 /* S3 */,
				3A01B50D164A315300F78822 /* Tests */,
			);
			path = ASIHTTPRequest;
			sourceTree = "<group>";
		};
		3A01B4EE164A315300F78822 /* CloudFiles */ = {
			isa = PBXGroup;
			children = (
				3A01B4EF164A315300F78822 /* ASICloudFilesCDNRequest.h */,
				3A01B4F0164A315300F78822 /* ASICloudFilesCDNRequest.m */,
				3A01B4F1164A315300F78822 /* ASICloudFilesContainer.h */,
				3A01B4F2164A315300F78822 /* ASICloudFilesContainer.m */,
				3A01B4F3164A315300F78822 /* ASICloudFilesContainerRequest.h */,
				3A01B4F4164A315300F78822 /* ASICloudFilesContainerRequest.m */,
				3A01B4F5164A315300F78822 /* ASICloudFilesContainerXMLParserDelegate.h */,
				3A01B4F6164A315300F78822 /* ASICloudFilesContainerXMLParserDelegate.m */,
				3A01B4F7164A315300F78822 /* ASICloudFilesObject.h */,
				3A01B4F8164A315300F78822 /* ASICloudFilesObject.m */,
				3A01B4F9164A315300F78822 /* ASICloudFilesObjectRequest.h */,
				3A01B4FA164A315300F78822 /* ASICloudFilesObjectRequest.m */,
				3A01B4FB164A315300F78822 /* ASICloudFilesRequest.h */,
				3A01B4FC164A315300F78822 /* ASICloudFilesRequest.m */,
			);
			path = CloudFiles;
			sourceTree = "<group>";
		};
		3A01B4FF164A315300F78822 /* S3 */ = {
			isa = PBXGroup;
			children = (
				3A01B500164A315300F78822 /* ASINSXMLParserCompat.h */,
				3A01B501164A315300F78822 /* ASIS3Bucket.h */,
				3A01B502164A315300F78822 /* ASIS3Bucket.m */,
				3A01B503164A315300F78822 /* ASIS3BucketObject.h */,
				3A01B504164A315300F78822 /* ASIS3BucketObject.m */,
				3A01B505164A315300F78822 /* ASIS3BucketRequest.h */,
				3A01B506164A315300F78822 /* ASIS3BucketRequest.m */,
				3A01B507164A315300F78822 /* ASIS3ObjectRequest.h */,
				3A01B508164A315300F78822 /* ASIS3ObjectRequest.m */,
				3A01B509164A315300F78822 /* ASIS3Request.h */,
				3A01B50A164A315300F78822 /* ASIS3Request.m */,
				3A01B50B164A315300F78822 /* ASIS3ServiceRequest.h */,
				3A01B50C164A315300F78822 /* ASIS3ServiceRequest.m */,
			);
			path = S3;
			sourceTree = "<group>";
		};
		3A01B50D164A315300F78822 /* Tests */ = {
			isa = PBXGroup;
			children = (
				3A01B50E164A315300F78822 /* ASICloudFilesRequestTests.h */,
				3A01B50F164A315300F78822 /* ASICloudFilesRequestTests.m */,
				3A01B510164A315300F78822 /* ASIDataCompressorTests.h */,
				3A01B511164A315300F78822 /* ASIDataCompressorTests.m */,
				3A01B512164A315300F78822 /* ASIDownloadCacheTests.h */,
				3A01B513164A315300F78822 /* ASIDownloadCacheTests.m */,
				3A01B514164A315300F78822 /* ASIFormDataRequestTests.h */,
				3A01B515164A315300F78822 /* ASIFormDataRequestTests.m */,
				3A01B516164A315300F78822 /* ASIHTTPRequestTests.h */,
				3A01B517164A315300F78822 /* ASIHTTPRequestTests.m */,
				3A01B518164A315300F78822 /* ASINetworkQueueTests.h */,
				3A01B519164A315300F78822 /* ASINetworkQueueTests.m */,
				3A01B51A164A315300F78822 /* ASIS3RequestTests.h */,
				3A01B51B164A315300F78822 /* ASIS3RequestTests.m */,
				3A01B51C164A315300F78822 /* ASITestCase.h */,
				3A01B51D164A315300F78822 /* ASITestCase.m */,
				3A01B51E164A315300F78822 /* ASIWebPageRequestTests.h */,
				3A01B51F164A315300F78822 /* ASIWebPageRequestTests.m */,
				3A01B520164A315300F78822 /* BlocksTests.h */,
				3A01B521164A315300F78822 /* BlocksTests.m */,
				3A01B522164A315300F78822 /* ClientCertificateTests.h */,
				3A01B523164A315300F78822 /* ClientCertificateTests.m */,
				3A01B524164A315300F78822 /* GHUnitTestMain.m */,
				3A01B525164A315300F78822 /* PerformanceTests.h */,
				3A01B526164A315300F78822 /* PerformanceTests.m */,
				3A01B527164A315300F78822 /* ProxyTests.h */,
				3A01B528164A315300F78822 /* ProxyTests.m */,
				3A01B529164A315300F78822 /* StressTests.h */,
				3A01B52A164A315300F78822 /* StressTests.m */,
			);
			path = Tests;
			sourceTree = "<group>";
		};
		3A01B52B164A315300F78822 /* SBJson */ = {
			isa = PBXGroup;
			children = (
				3A01B52C164A315300F78822 /* NSObject+SBJson.h */,
				3A01B52D164A315300F78822 /* NSObject+SBJson.m */,
				3A01B52E164A315300F78822 /* SBJson.h */,
				3A01B52F164A315300F78822 /* SBJsonParser.h */,
				3A01B530164A315300F78822 /* SBJsonParser.m */,
				3A01B531164A315300F78822 /* SBJsonStreamParser.h */,
				3A01B532164A315300F78822 /* SBJsonStreamParser.m */,
				3A01B533164A315300F78822 /* SBJsonStreamParserAccumulator.h */,
				3A01B534164A315300F78822 /* SBJsonStreamParserAccumulator.m */,
				3A01B535164A315300F78822 /* SBJsonStreamParserAdapter.h */,
				3A01B536164A315300F78822 /* SBJsonStreamParserAdapter.m */,
				3A01B537164A315300F78822 /* SBJsonStreamParserState.h */,
				3A01B538164A315300F78822 /* SBJsonStreamParserState.m */,
				3A01B539164A315300F78822 /* SBJsonStreamWriter.h */,
				3A01B53A164A315300F78822 /* SBJsonStreamWriter.m */,
				3A01B53B164A315300F78822 /* SBJsonStreamWriterAccumulator.h */,
				3A01B53C164A315300F78822 /* SBJsonStreamWriterAccumulator.m */,
				3A01B53D164A315300F78822 /* SBJsonStreamWriterState.h */,
				3A01B53E164A315300F78822 /* SBJsonStreamWriterState.m */,
				3A01B53F164A315300F78822 /* SBJsonTokeniser.h */,
				3A01B540164A315300F78822 /* SBJsonTokeniser.m */,
				3A01B541164A315300F78822 /* SBJsonUTF8Stream.h */,
				3A01B542164A315300F78822 /* SBJsonUTF8Stream.m */,
				3A01B543164A315300F78822 /* SBJsonWriter.h */,
				3A01B544164A315300F78822 /* SBJsonWriter.m */,
			);
			path = SBJson;
			sourceTree = "<group>";
		};
		3A01B545164A315300F78822 /* UIColor+Expanded */ = {
			isa = PBXGroup;
			children = (
				3A01B546164A315300F78822 /* UIColor-Expanded.h */,
				3A01B547164A315300F78822 /* UIColor-Expanded.m */,
			);
			path = "UIColor+Expanded";
			sourceTree = "<group>";
		};
		3A01B57E164A320300F78822 /* Config */ = {
			isa = PBXGroup;
			children = (
				3A01B57F164A321500F78822 /* App.h */,
				3A01B580164A321500F78822 /* App.m */,
			);
			path = Config;
			sourceTree = "<group>";
		};
		3A417AD41669A53000E6DF0B /* Singly */ = {
			isa = PBXGroup;
			children = (
				3A417AD51669A53000E6DF0B /* SinglySDK.bundle */,
				3A417AD61669A53000E6DF0B /* SinglySDK.framework */,
			);
			path = Singly;
			sourceTree = "<group>";
		};
		3A5C3BD21669B2F1009DDA1C /* FirstAccessControllers */ = {
			isa = PBXGroup;
			children = (
				3AE39CC51668460C002DE754 /* LoginViewController.h */,
				3AE39CC61668460C002DE754 /* LoginViewController.m */,
				3AE39CC71668460C002DE754 /* LoginViewController.xib */,
				3A5C3BD31669B310009DDA1C /* RegistrationViewController.h */,
				3A5C3BD41669B310009DDA1C /* RegistrationViewController.m */,
				3A5C3BD51669B310009DDA1C /* RegistrationViewController.xib */,
			);
			path = FirstAccessControllers;
			sourceTree = "<group>";
		};
		3AC7B2B2164CD92E008A3B58 /* Helpers */ = {
			isa = PBXGroup;
			children = (
				3AC7B2B3164CD96B008A3B58 /* Authenticator.h */,
				3AC7B2B4164CD96B008A3B58 /* Authenticator.m */,
				3AC7B2BE164CE521008A3B58 /* AuthenticatorDelegate.h */,
			);
			path = Helpers;
			sourceTree = "<group>";
		};
/* End PBXGroup section */

/* Begin PBXNativeTarget section */
		3A01B489164A2F6E00F78822 /* Wikicleta */ = {
			isa = PBXNativeTarget;
			buildConfigurationList = 3A01B4C3164A2F6E00F78822 /* Build configuration list for PBXNativeTarget "Wikicleta" */;
			buildPhases = (
				3A01B486164A2F6E00F78822 /* Sources */,
				3A01B487164A2F6E00F78822 /* Frameworks */,
				3A01B488164A2F6E00F78822 /* Resources */,
			);
			buildRules = (
			);
			dependencies = (
			);
			name = Wikicleta;
			productName = Wikicleta;
			productReference = 3A01B48A164A2F6E00F78822 /* Wikicleta.app */;
			productType = "com.apple.product-type.application";
		};
		3A01B4AF164A2F6E00F78822 /* WikicletaTests */ = {
			isa = PBXNativeTarget;
			buildConfigurationList = 3A01B4C6164A2F6E00F78822 /* Build configuration list for PBXNativeTarget "WikicletaTests" */;
			buildPhases = (
				3A01B4AB164A2F6E00F78822 /* Sources */,
				3A01B4AC164A2F6E00F78822 /* Frameworks */,
				3A01B4AD164A2F6E00F78822 /* Resources */,
				3A01B4AE164A2F6E00F78822 /* ShellScript */,
			);
			buildRules = (
			);
			dependencies = (
				3A01B4B7164A2F6E00F78822 /* PBXTargetDependency */,
			);
			name = WikicletaTests;
			productName = WikicletaTests;
			productReference = 3A01B4B0164A2F6E00F78822 /* WikicletaTests.octest */;
			productType = "com.apple.product-type.bundle";
		};
/* End PBXNativeTarget section */

/* Begin PBXProject section */
		3A01B481164A2F6E00F78822 /* Project object */ = {
			isa = PBXProject;
			attributes = {
				LastUpgradeCheck = 0450;
				ORGANIZATIONNAME = Wikicleta;
			};
			buildConfigurationList = 3A01B484164A2F6E00F78822 /* Build configuration list for PBXProject "Wikicleta" */;
			compatibilityVersion = "Xcode 3.2";
			developmentRegion = English;
			hasScannedForEncodings = 0;
			knownRegions = (
				en,
			);
			mainGroup = 3A01B47F164A2F6E00F78822;
			productRefGroup = 3A01B48B164A2F6E00F78822 /* Products */;
			projectDirPath = "";
			projectRoot = "";
			targets = (
				3A01B489164A2F6E00F78822 /* Wikicleta */,
				3A01B4AF164A2F6E00F78822 /* WikicletaTests */,
			);
		};
/* End PBXProject section */

/* Begin PBXResourcesBuildPhase section */
		3A01B488164A2F6E00F78822 /* Resources */ = {
			isa = PBXResourcesBuildPhase;
			buildActionMask = 2147483647;
			files = (
				3A01B49B164A2F6E00F78822 /* InfoPlist.strings in Resources */,
				3A01B4A3164A2F6E00F78822 /* Default.png in Resources */,
				3A01B4A5164A2F6E00F78822 /* Default@2x.png in Resources */,
				3A01B4A7164A2F6E00F78822 /* Default-568h@2x.png in Resources */,
				3A01B4D2164A304A00F78822 /* stripe.png in Resources */,
				3A01B4D3164A304A00F78822 /* wikicleta_logo.png in Resources */,
				3A01B585164A329D00F78822 /* urls.plist in Resources */,
				3A698287164B7C03004F1E01 /* wikicleta_logo@2x.png in Resources */,
				3AE39CC91668460C002DE754 /* LoginViewController.xib in Resources */,
				3A5C3BD71669B310009DDA1C /* RegistrationViewController.xib in Resources */,
			);
			runOnlyForDeploymentPostprocessing = 0;
		};
		3A01B4AD164A2F6E00F78822 /* Resources */ = {
			isa = PBXResourcesBuildPhase;
			buildActionMask = 2147483647;
			files = (
				3A01B4BD164A2F6E00F78822 /* InfoPlist.strings in Resources */,
			);
			runOnlyForDeploymentPostprocessing = 0;
		};
/* End PBXResourcesBuildPhase section */

/* Begin PBXShellScriptBuildPhase section */
		3A01B4AE164A2F6E00F78822 /* ShellScript */ = {
			isa = PBXShellScriptBuildPhase;
			buildActionMask = 2147483647;
			files = (
			);
			inputPaths = (
			);
			outputPaths = (
			);
			runOnlyForDeploymentPostprocessing = 0;
			shellPath = /bin/sh;
			shellScript = "# Run the unit tests in this test bundle.\n\"${SYSTEM_DEVELOPER_DIR}/Tools/RunUnitTests\"\n";
		};
/* End PBXShellScriptBuildPhase section */

/* Begin PBXSourcesBuildPhase section */
		3A01B486164A2F6E00F78822 /* Sources */ = {
			isa = PBXSourcesBuildPhase;
			buildActionMask = 2147483647;
			files = (
				3A01B49D164A2F6E00F78822 /* main.m in Sources */,
				3A01B4A1164A2F6E00F78822 /* AppDelegate.m in Sources */,
				3A01B4AA164A2F6E00F78822 /* Wikicleta.xcdatamodeld in Sources */,
				3A01B4CF164A2FDA00F78822 /* HomeViewController.m in Sources */,
				3A01B548164A315300F78822 /* ASIAuthenticationDialog.m in Sources */,
				3A01B549164A315300F78822 /* ASIDataCompressor.m in Sources */,
				3A01B54A164A315300F78822 /* ASIDataDecompressor.m in Sources */,
				3A01B54B164A315300F78822 /* ASIDownloadCache.m in Sources */,
				3A01B54C164A315300F78822 /* ASIFormDataRequest.m in Sources */,
				3A01B54D164A315300F78822 /* ASIHTTPRequest.m in Sources */,
				3A01B54E164A315300F78822 /* ASIInputStream.m in Sources */,
				3A01B54F164A315300F78822 /* ASINetworkQueue.m in Sources */,
				3A01B550164A315300F78822 /* ASICloudFilesCDNRequest.m in Sources */,
				3A01B551164A315300F78822 /* ASICloudFilesContainer.m in Sources */,
				3A01B552164A315300F78822 /* ASICloudFilesContainerRequest.m in Sources */,
				3A01B553164A315300F78822 /* ASICloudFilesContainerXMLParserDelegate.m in Sources */,
				3A01B554164A315300F78822 /* ASICloudFilesObject.m in Sources */,
				3A01B555164A315300F78822 /* ASICloudFilesObjectRequest.m in Sources */,
				3A01B556164A315300F78822 /* ASICloudFilesRequest.m in Sources */,
				3A01B557164A315300F78822 /* Reachability.m in Sources */,
				3A01B558164A315300F78822 /* ASIS3Bucket.m in Sources */,
				3A01B559164A315300F78822 /* ASIS3BucketObject.m in Sources */,
				3A01B55A164A315300F78822 /* ASIS3BucketRequest.m in Sources */,
				3A01B55B164A315300F78822 /* ASIS3ObjectRequest.m in Sources */,
				3A01B55C164A315300F78822 /* ASIS3Request.m in Sources */,
				3A01B55D164A315300F78822 /* ASIS3ServiceRequest.m in Sources */,
				3A01B56D164A315300F78822 /* NSObject+SBJson.m in Sources */,
				3A01B56E164A315300F78822 /* SBJsonParser.m in Sources */,
				3A01B56F164A315300F78822 /* SBJsonStreamParser.m in Sources */,
				3A01B570164A315300F78822 /* SBJsonStreamParserAccumulator.m in Sources */,
				3A01B571164A315300F78822 /* SBJsonStreamParserAdapter.m in Sources */,
				3A01B572164A315300F78822 /* SBJsonStreamParserState.m in Sources */,
				3A01B573164A315300F78822 /* SBJsonStreamWriter.m in Sources */,
				3A01B574164A315300F78822 /* SBJsonStreamWriterAccumulator.m in Sources */,
				3A01B575164A315300F78822 /* SBJsonStreamWriterState.m in Sources */,
				3A01B576164A315300F78822 /* SBJsonTokeniser.m in Sources */,
				3A01B577164A315300F78822 /* SBJsonUTF8Stream.m in Sources */,
				3A01B578164A315300F78822 /* SBJsonWriter.m in Sources */,
				3A01B579164A315300F78822 /* UIColor-Expanded.m in Sources */,
				3A01B581164A321500F78822 /* App.m in Sources */,
				3A698284164B739B004F1E01 /* UIButtonWS.m in Sources */,
				3AC7B2B5164CD96B008A3B58 /* Authenticator.m in Sources */,
				3AE39CC81668460C002DE754 /* LoginViewController.m in Sources */,
				3AE7A44A16693BFA006F251D /* ExploreViewController.m in Sources */,
				3A5C3BD01669A9CF009DDA1C /* FirstAccessViewController.m in Sources */,
				3A5C3BD61669B310009DDA1C /* RegistrationViewController.m in Sources */,
				3A5C3BDA1669DEC9009DDA1C /* User.m in Sources */,
			);
			runOnlyForDeploymentPostprocessing = 0;
		};
		3A01B4AB164A2F6E00F78822 /* Sources */ = {
			isa = PBXSourcesBuildPhase;
			buildActionMask = 2147483647;
			files = (
				3A01B4C0164A2F6E00F78822 /* WikicletaTests.m in Sources */,
			);
			runOnlyForDeploymentPostprocessing = 0;
		};
/* End PBXSourcesBuildPhase section */

/* Begin PBXTargetDependency section */
		3A01B4B7164A2F6E00F78822 /* PBXTargetDependency */ = {
			isa = PBXTargetDependency;
			target = 3A01B489164A2F6E00F78822 /* Wikicleta */;
			targetProxy = 3A01B4B6164A2F6E00F78822 /* PBXContainerItemProxy */;
		};
/* End PBXTargetDependency section */

/* Begin PBXVariantGroup section */
		3A01B499164A2F6E00F78822 /* InfoPlist.strings */ = {
			isa = PBXVariantGroup;
			children = (
				3A01B49A164A2F6E00F78822 /* en */,
			);
			name = InfoPlist.strings;
			sourceTree = "<group>";
		};
		3A01B4BB164A2F6E00F78822 /* InfoPlist.strings */ = {
			isa = PBXVariantGroup;
			children = (
				3A01B4BC164A2F6E00F78822 /* en */,
			);
			name = InfoPlist.strings;
			sourceTree = "<group>";
		};
/* End PBXVariantGroup section */

/* Begin XCBuildConfiguration section */
		3A01B4C1164A2F6E00F78822 /* Debug */ = {
			isa = XCBuildConfiguration;
			buildSettings = {
				ALWAYS_SEARCH_USER_PATHS = NO;
				CLANG_CXX_LANGUAGE_STANDARD = "gnu++0x";
				CLANG_CXX_LIBRARY = "libc++";
				CLANG_ENABLE_OBJC_ARC = YES;
				CLANG_WARN_EMPTY_BODY = YES;
				CLANG_WARN__DUPLICATE_METHOD_MATCH = YES;
				"CODE_SIGN_IDENTITY[sdk=iphoneos*]" = "iPhone Developer";
				COPY_PHASE_STRIP = NO;
				GCC_C_LANGUAGE_STANDARD = gnu99;
				GCC_DYNAMIC_NO_PIC = NO;
				GCC_OPTIMIZATION_LEVEL = 0;
				GCC_PREPROCESSOR_DEFINITIONS = (
					"DEBUG=1",
					"$(inherited)",
				);
				GCC_SYMBOLS_PRIVATE_EXTERN = NO;
				GCC_WARN_ABOUT_RETURN_TYPE = YES;
				GCC_WARN_UNINITIALIZED_AUTOS = YES;
				GCC_WARN_UNUSED_VARIABLE = YES;
				IPHONEOS_DEPLOYMENT_TARGET = 4.3;
				ONLY_ACTIVE_ARCH = YES;
				SDKROOT = iphoneos;
			};
			name = Debug;
		};
		3A01B4C2164A2F6E00F78822 /* Release */ = {
			isa = XCBuildConfiguration;
			buildSettings = {
				ALWAYS_SEARCH_USER_PATHS = NO;
				CLANG_CXX_LANGUAGE_STANDARD = "gnu++0x";
				CLANG_CXX_LIBRARY = "libc++";
				CLANG_ENABLE_OBJC_ARC = YES;
				CLANG_WARN_EMPTY_BODY = YES;
				CLANG_WARN__DUPLICATE_METHOD_MATCH = YES;
				"CODE_SIGN_IDENTITY[sdk=iphoneos*]" = "iPhone Developer";
				COPY_PHASE_STRIP = YES;
				GCC_C_LANGUAGE_STANDARD = gnu99;
				GCC_WARN_ABOUT_RETURN_TYPE = YES;
				GCC_WARN_UNINITIALIZED_AUTOS = YES;
				GCC_WARN_UNUSED_VARIABLE = YES;
				IPHONEOS_DEPLOYMENT_TARGET = 4.3;
				OTHER_CFLAGS = "-DNS_BLOCK_ASSERTIONS=1";
				SDKROOT = iphoneos;
				VALIDATE_PRODUCT = YES;
			};
			name = Release;
		};
		3A01B4C4164A2F6E00F78822 /* Debug */ = {
			isa = XCBuildConfiguration;
			buildSettings = {
				FRAMEWORK_SEARCH_PATHS = (
					"$(inherited)",
					"\"$(SRCROOT)\"",
					"\"$(SRCROOT)/Wikicleta/Libraries/Singly\"",
				);
				GCC_PRECOMPILE_PREFIX_HEADER = YES;
				GCC_PREFIX_HEADER = "Wikicleta/Wikicleta-Prefix.pch";
				INFOPLIST_FILE = "Wikicleta/Wikicleta-Info.plist";
				IPHONEOS_DEPLOYMENT_TARGET = 6.0;
				LIBRARY_SEARCH_PATHS = (
					"$(inherited)",
					"$(FRANK_LIBRARY_SEARCH_PATHS)",
				);
				OTHER_LDFLAGS = (
					"$(inherited)",
					"$(FRANK_LDFLAGS)",
				);
				PRODUCT_NAME = "$(TARGET_NAME)";
				WRAPPER_EXTENSION = app;
			};
			name = Debug;
		};
		3A01B4C5164A2F6E00F78822 /* Release */ = {
			isa = XCBuildConfiguration;
			buildSettings = {
				FRAMEWORK_SEARCH_PATHS = (
					"$(inherited)",
					"\"$(SRCROOT)\"",
					"\"$(SRCROOT)/Wikicleta/Libraries/Singly\"",
				);
				GCC_PRECOMPILE_PREFIX_HEADER = YES;
				GCC_PREFIX_HEADER = "Wikicleta/Wikicleta-Prefix.pch";
				INFOPLIST_FILE = "Wikicleta/Wikicleta-Info.plist";
				IPHONEOS_DEPLOYMENT_TARGET = 6.0;
				PRODUCT_NAME = "$(TARGET_NAME)";
				WRAPPER_EXTENSION = app;
			};
			name = Release;
		};
		3A01B4C7164A2F6E00F78822 /* Debug */ = {
			isa = XCBuildConfiguration;
			buildSettings = {
				BUNDLE_LOADER = "$(BUILT_PRODUCTS_DIR)/Wikicleta.app/Wikicleta";
				FRAMEWORK_SEARCH_PATHS = (
					"\"$(SDKROOT)/Developer/Library/Frameworks\"",
					"\"$(DEVELOPER_LIBRARY_DIR)/Frameworks\"",
				);
				GCC_PRECOMPILE_PREFIX_HEADER = YES;
				GCC_PREFIX_HEADER = "Wikicleta/Wikicleta-Prefix.pch";
				INFOPLIST_FILE = "WikicletaTests/WikicletaTests-Info.plist";
				PRODUCT_NAME = "$(TARGET_NAME)";
				TEST_HOST = "$(BUNDLE_LOADER)";
				WRAPPER_EXTENSION = octest;
			};
			name = Debug;
		};
		3A01B4C8164A2F6E00F78822 /* Release */ = {
			isa = XCBuildConfiguration;
			buildSettings = {
				BUNDLE_LOADER = "$(BUILT_PRODUCTS_DIR)/Wikicleta.app/Wikicleta";
				FRAMEWORK_SEARCH_PATHS = (
					"\"$(SDKROOT)/Developer/Library/Frameworks\"",
					"\"$(DEVELOPER_LIBRARY_DIR)/Frameworks\"",
				);
				GCC_PRECOMPILE_PREFIX_HEADER = YES;
				GCC_PREFIX_HEADER = "Wikicleta/Wikicleta-Prefix.pch";
				INFOPLIST_FILE = "WikicletaTests/WikicletaTests-Info.plist";
				PRODUCT_NAME = "$(TARGET_NAME)";
				TEST_HOST = "$(BUNDLE_LOADER)";
				WRAPPER_EXTENSION = octest;
			};
			name = Release;
		};
/* End XCBuildConfiguration section */

/* Begin XCConfigurationList section */
		3A01B484164A2F6E00F78822 /* Build configuration list for PBXProject "Wikicleta" */ = {
			isa = XCConfigurationList;
			buildConfigurations = (
				3A01B4C1164A2F6E00F78822 /* Debug */,
				3A01B4C2164A2F6E00F78822 /* Release */,
			);
			defaultConfigurationIsVisible = 0;
			defaultConfigurationName = Release;
		};
		3A01B4C3164A2F6E00F78822 /* Build configuration list for PBXNativeTarget "Wikicleta" */ = {
			isa = XCConfigurationList;
			buildConfigurations = (
				3A01B4C4164A2F6E00F78822 /* Debug */,
				3A01B4C5164A2F6E00F78822 /* Release */,
			);
			defaultConfigurationIsVisible = 0;
			defaultConfigurationName = Release;
		};
		3A01B4C6164A2F6E00F78822 /* Build configuration list for PBXNativeTarget "WikicletaTests" */ = {
			isa = XCConfigurationList;
			buildConfigurations = (
				3A01B4C7164A2F6E00F78822 /* Debug */,
				3A01B4C8164A2F6E00F78822 /* Release */,
			);
			defaultConfigurationIsVisible = 0;
			defaultConfigurationName = Release;
		};
/* End XCConfigurationList section */

/* Begin XCVersionGroup section */
		3A01B4A8164A2F6E00F78822 /* Wikicleta.xcdatamodeld */ = {
			isa = XCVersionGroup;
			children = (
				3A01B4A9164A2F6E00F78822 /* Wikicleta.xcdatamodel */,
			);
			currentVersion = 3A01B4A9164A2F6E00F78822 /* Wikicleta.xcdatamodel */;
			path = Wikicleta.xcdatamodeld;
			sourceTree = "<group>";
			versionGroupType = wrapper.xcdatamodel;
		};
/* End XCVersionGroup section */
	};
	rootObject = 3A01B481164A2F6E00F78822 /* Project object */;
}
